
Microsoft Visual Studio Solution File, Format Version 12.00
# Visual Studio Version 16
VisualStudioVersion = 16.0.29418.71
MinimumVisualStudioVersion = 10.0.40219.1
Project("{FAE04EC0-301F-11D3-BF4B-00C04F79EFBC}") = "SeleniumTests", "SeleniumTests\SeleniumTests.csproj", "{C75F0C59-3280-490B-94DE-D6CFE0540DF2}"
EndProject
Global
	GlobalSection(SolutionConfigurationPlatforms) = preSolution
		Debug|Any CPU = Debug|Any CPU
		Release|Any CPU = Release|Any CPU
	EndGlobalSection
	GlobalSection(ProjectConfigurationPlatforms) = postSolution
		{C75F0C59-3280-490B-94DE-D6CFE0540DF2}.Debug|Any CPU.ActiveCfg = Debug|Any CPU
		{C75F0C59-3280-490B-94DE-D6CFE0540DF2}.Debug|Any CPU.Build.0 = Debug|Any CPU
		{C75F0C59-3280-490B-94DE-D6CFE0540DF2}.Release|Any CPU.ActiveCfg = Release|Any CPU
		{C75F0C59-3280-490B-94DE-D6CFE0540DF2}.Release|Any CPU.Build.0 = Release|Any CPU
	EndGlobalSection
	GlobalSection(SolutionProperties) = preSolution
		HideSolutionNode = FALSE
	EndGlobalSection
	GlobalSection(ExtensibilityGlobals) = postSolution
		SolutionGuid = {9B950E28-A496-4BFB-B5BB-DA5AF520C235}
	EndGlobalSection
EndGlobal
